dependencies:
- name: common
  repository: file://../common
  version: 0.1.0
- name: orchestrator
  repository: file://../orchestrator
  version: 0.1.0
- name: ncm
  repository: file://../ncm
  version: 0.1.0
- name: rsync
  repository: file://../rsync
  version: 0.1.0
- name: clm
  repository: file://../clm
  version: 0.1.0
- name: ovnaction
  repository: file://../ovnaction
  version: 0.1.0
- name: dcm
  repository: file://../dcm
  version: 0.1.0
- name: dtc
  repository: file://../dtc
  version: 0.1.0
- name: nps
  repository: file://../nps
  version: 0.1.0
- name: sds
  repository: file://../sds
  version: 0.1.0
- name: its
  repository: file://../its
  version: 0.1.0
- name: gac
  repository: file://../gac
  version: 0.1.0
- name: sfc
  repository: file://../sfc
  version: 0.1.0
- name: sfcclient
  repository: file://../sfcclient
  version: 0.1.0
- name: hpa-ac
  repository: file://../hpa-ac
  version: 0.1.0
- name: hpa-plc
  repository: file://../hpa-plc
  version: 0.1.0
- name: workflowmgr
  repository: file://../workflowmgr
  version: 0.1.0
digest: sha256:ebec4734c68079bb4b2cd117969fe769a35c3aeef07c047a9b10fa65aa73d8e1
generated: "2022-03-29T08:18:27.127975279Z"
